
Microsoft Visual Studio Solution File, Format Version 12.00
# Visual Studio Version 17
VisualStudioVersion = 17.5.33502.453
MinimumVisualStudioVersion = 10.0.40219.1
Project("{9A19103F-16F7-4668-BE54-9A1E7A4F7556}") = "ConsistRestAPI", "ConsistRestAPI.csproj", "{165BF4F6-DA2B-4A81-8582-CEECE48E3B26}"
EndProject
Global
	GlobalSection(SolutionConfigurationPlatforms) = preSolution
		Debug|Any CPU = Debug|Any CPU
		Release|Any CPU = Release|Any CPU
	EndGlobalSection
	GlobalSection(ProjectConfigurationPlatforms) = postSolution
		{165BF4F6-DA2B-4A81-8582-CEECE48E3B26}.Debug|Any CPU.ActiveCfg = Debug|Any CPU
		{165BF4F6-DA2B-4A81-8582-CEECE48E3B26}.Debug|Any CPU.Build.0 = Debug|Any CPU
		{165BF4F6-DA2B-4A81-8582-CEECE48E3B26}.Release|Any CPU.ActiveCfg = Release|Any CPU
		{165BF4F6-DA2B-4A81-8582-CEECE48E3B26}.Release|Any CPU.Build.0 = Release|Any CPU
	EndGlobalSection
	GlobalSection(SolutionProperties) = preSolution
		HideSolutionNode = FALSE
	EndGlobalSection
	GlobalSection(ExtensibilityGlobals) = postSolution
		SolutionGuid = {2688AFE1-9B81-4246-B0EB-2643541FBA7A}
	EndGlobalSection
EndGlobal
